
Microsoft Visual Studio Solution File, Format Version 12.00
# Visual Studio Version 17
VisualStudioVersion = 17.13.35919.96 d17.13
MinimumVisualStudioVersion = 10.0.40219.1
Project("{FAE04EC0-301F-11D3-BF4B-00C04F79EFBC}") = "SalonKosmetycznyApp", "SalonKosmetycznyApp\SalonKosmetycznyApp.csproj", "{1E308E44-1026-4433-B665-0685D13E1B65}"
EndProject
Global
	GlobalSection(SolutionConfigurationPlatforms) = preSolution
		Debug|Any CPU = Debug|Any CPU
		Release|Any CPU = Release|Any CPU
	EndGlobalSection
	GlobalSection(ProjectConfigurationPlatforms) = postSolution
		{1E308E44-1026-4433-B665-0685D13E1B65}.Debug|Any CPU.ActiveCfg = Debug|Any CPU
		{1E308E44-1026-4433-B665-0685D13E1B65}.Debug|Any CPU.Build.0 = Debug|Any CPU
		{1E308E44-1026-4433-B665-0685D13E1B65}.Release|Any CPU.ActiveCfg = Release|Any CPU
		{1E308E44-1026-4433-B665-0685D13E1B65}.Release|Any CPU.Build.0 = Release|Any CPU
	EndGlobalSection
	GlobalSection(SolutionProperties) = preSolution
		HideSolutionNode = FALSE
	EndGlobalSection
	GlobalSection(ExtensibilityGlobals) = postSolution
		SolutionGuid = {EE2F0EE7-4DE7-4161-93EA-D6CDB121E11B}
	EndGlobalSection
EndGlobal
